
Microsoft Visual Studio Solution File, Format Version 12.00
# Visual Studio 15
VisualStudioVersion = 15.0.26730.3
MinimumVisualStudioVersion = 10.0.40219.1
Project("{FAE04EC0-301F-11D3-BF4B-00C04F79EFBC}") = "DDD.NetCore.Web", "DDD.NetCore.Web\DDD.NetCore.Web.csproj", "{8182E4C8-C906-4C72-92BC-720E11BBFE11}"
EndProject
Project("{FAE04EC0-301F-11D3-BF4B-00C04F79EFBC}") = "DDD.NetCore", "DDD.NetCore\DDD.NetCore.csproj", "{C387ED6D-25B5-4B57-BB7A-5CD88DDBD50E}"
EndProject
Project("{FAE04EC0-301F-11D3-BF4B-00C04F79EFBC}") = "DDD.NetCore.Domain", "DDD.NetCore.Domain\DDD.NetCore.Domain.csproj", "{00365BC2-A1CF-4CFF-8CAF-5E1E49EFD1A3}"
EndProject
Global
	GlobalSection(SolutionConfigurationPlatforms) = preSolution
		Debug|Any CPU = Debug|Any CPU
		Release|Any CPU = Release|Any CPU
	EndGlobalSection
	GlobalSection(ProjectConfigurationPlatforms) = postSolution
		{8182E4C8-C906-4C72-92BC-720E11BBFE11}.Debug|Any CPU.ActiveCfg = Debug|Any CPU
		{8182E4C8-C906-4C72-92BC-720E11BBFE11}.Debug|Any CPU.Build.0 = Debug|Any CPU
		{8182E4C8-C906-4C72-92BC-720E11BBFE11}.Release|Any CPU.ActiveCfg = Release|Any CPU
		{8182E4C8-C906-4C72-92BC-720E11BBFE11}.Release|Any CPU.Build.0 = Release|Any CPU
		{C387ED6D-25B5-4B57-BB7A-5CD88DDBD50E}.Debug|Any CPU.ActiveCfg = Debug|Any CPU
		{C387ED6D-25B5-4B57-BB7A-5CD88DDBD50E}.Debug|Any CPU.Build.0 = Debug|Any CPU
		{C387ED6D-25B5-4B57-BB7A-5CD88DDBD50E}.Release|Any CPU.ActiveCfg = Release|Any CPU
		{C387ED6D-25B5-4B57-BB7A-5CD88DDBD50E}.Release|Any CPU.Build.0 = Release|Any CPU
		{00365BC2-A1CF-4CFF-8CAF-5E1E49EFD1A3}.Debug|Any CPU.ActiveCfg = Debug|Any CPU
		{00365BC2-A1CF-4CFF-8CAF-5E1E49EFD1A3}.Debug|Any CPU.Build.0 = Debug|Any CPU
		{00365BC2-A1CF-4CFF-8CAF-5E1E49EFD1A3}.Release|Any CPU.ActiveCfg = Release|Any CPU
		{00365BC2-A1CF-4CFF-8CAF-5E1E49EFD1A3}.Release|Any CPU.Build.0 = Release|Any CPU
	EndGlobalSection
	GlobalSection(SolutionProperties) = preSolution
		HideSolutionNode = FALSE
	EndGlobalSection
	GlobalSection(ExtensibilityGlobals) = postSolution
		SolutionGuid = {A7E33949-32A5-414E-B82E-A590515AEFFE}
	EndGlobalSection
EndGlobal
